
Microsoft Visual Studio Solution File, Format Version 12.00
# Visual Studio 15
VisualStudioVersion = 15.0.26430.13
MinimumVisualStudioVersion = 10.0.40219.1
Project("{FAE04EC0-301F-11D3-BF4B-00C04F79EFBC}") = "Sepidrah.Web.APIs", "Sepidrah.Web.APIs\Sepidrah.Web.APIs.csproj", "{1939A8C5-A954-4C20-BCCB-9B1F91650697}"
EndProject
Project("{FAE04EC0-301F-11D3-BF4B-00C04F79EFBC}") = "Sepidrah.Web.Core", "Sepidrah.Web.Core\Sepidrah.Web.Core.csproj", "{9664F39D-E980-4837-8732-B305473C8BE2}"
EndProject
Global
	GlobalSection(SolutionConfigurationPlatforms) = preSolution
		Debug|Any CPU = Debug|Any CPU
		Release|Any CPU = Release|Any CPU
	EndGlobalSection
	GlobalSection(ProjectConfigurationPlatforms) = postSolution
		{1939A8C5-A954-4C20-BCCB-9B1F91650697}.Debug|Any CPU.ActiveCfg = Debug|Any CPU
		{1939A8C5-A954-4C20-BCCB-9B1F91650697}.Debug|Any CPU.Build.0 = Debug|Any CPU
		{1939A8C5-A954-4C20-BCCB-9B1F91650697}.Release|Any CPU.ActiveCfg = Release|Any CPU
		{1939A8C5-A954-4C20-BCCB-9B1F91650697}.Release|Any CPU.Build.0 = Release|Any CPU
		{9664F39D-E980-4837-8732-B305473C8BE2}.Debug|Any CPU.ActiveCfg = Debug|Any CPU
		{9664F39D-E980-4837-8732-B305473C8BE2}.Debug|Any CPU.Build.0 = Debug|Any CPU
		{9664F39D-E980-4837-8732-B305473C8BE2}.Release|Any CPU.ActiveCfg = Release|Any CPU
		{9664F39D-E980-4837-8732-B305473C8BE2}.Release|Any CPU.Build.0 = Release|Any CPU
	EndGlobalSection
	GlobalSection(SolutionProperties) = preSolution
		HideSolutionNode = FALSE
	EndGlobalSection
EndGlobal
